
Microsoft Visual Studio Solution File, Format Version 12.00
# Visual Studio 15
VisualStudioVersion = 15.0.26403.7
MinimumVisualStudioVersion = 10.0.40219.1
Project("{2150E333-8FDC-42A3-9474-1A3956D46DE8}") = "Simulation", "Simulation", "{0EBCC682-1CB2-4413-BD6A-699FFDAA155B}"
EndProject
Project("{FAE04EC0-301F-11D3-BF4B-00C04F79EFBC}") = "TrafficSimulation.Simulation.Contracts", "TrafficSimulation.Simulation.Contracts\TrafficSimulation.Simulation.Contracts.csproj", "{03ABA0BA-0186-49CE-A8DF-A6F0AF92620F}"
EndProject
Project("{FAE04EC0-301F-11D3-BF4B-00C04F79EFBC}") = "TrafficSimulation.Simulation.Engine", "TrafficSimulation.Simulation.Engine\TrafficSimulation.Simulation.Engine.csproj", "{4B41D580-C0CD-43A5-B28B-3714A3A1CDB2}"
EndProject
Project("{2150E333-8FDC-42A3-9474-1A3956D46DE8}") = "TrafficLightControl", "TrafficLightControl", "{3919A5F4-CED7-4B3A-A6EF-069557D216A1}"
EndProject
Project("{FAE04EC0-301F-11D3-BF4B-00C04F79EFBC}") = "TrafficSimulation.TrafficLightControl.UI", "TrafficSimulation.TrafficLightControl.UI\TrafficSimulation.TrafficLightControl.UI.csproj", "{88E59466-3513-4B4C-AE31-10AFFB97E133}"
EndProject
Project("{FAE04EC0-301F-11D3-BF4B-00C04F79EFBC}") = "TrafficSimulation.TrafficLightControl.Engine", "TrafficSimulation.TrafficLightControl.Engine\TrafficSimulation.TrafficLightControl.Engine.csproj", "{C0433425-1AE4-4A2E-9F9C-15C6C2E04F65}"
EndProject
Project("{FAE04EC0-301F-11D3-BF4B-00C04F79EFBC}") = "TrafficSimulation.Simulation.Tests", "TrafficSimulation.Simulation.Tests\TrafficSimulation.Simulation.Tests.csproj", "{E7607371-EC75-4CE3-9B40-8A386C4E13F9}"
EndProject
Project("{FAE04EC0-301F-11D3-BF4B-00C04F79EFBC}") = "TrafficSimulation.TrafficLightControl.Contracts", "TrafficSimulation.TrafficLightControl.Contracts\TrafficSimulation.TrafficLightControl.Contracts.csproj", "{1DBB2418-AC29-46F8-ABA9-1EEA75936B64}"
EndProject
Project("{FAE04EC0-301F-11D3-BF4B-00C04F79EFBC}") = "TrafficSimulation.TrafficLightControl.Tests", "TrafficSimulation.TrafficLightControl.Tests\TrafficSimulation.TrafficLightControl.Tests.csproj", "{8FBB2F71-9F4B-4815-82F3-2830BED7947B}"
EndProject
Project("{2150E333-8FDC-42A3-9474-1A3956D46DE8}") = "UI", "UI", "{DAD2C740-1943-449F-889D-16F5E4076FDB}"
EndProject
Project("{FAE04EC0-301F-11D3-BF4B-00C04F79EFBC}") = "TrafficSimulation.UI.Application", "TrafficSimulation.UI.Application\TrafficSimulation.UI.Application.csproj", "{1EFA5E15-A770-49AA-85B3-3E158C6629D2}"
EndProject
Project("{FAE04EC0-301F-11D3-BF4B-00C04F79EFBC}") = "TrafficSimulation.UI.Tests", "TrafficSimulation.UI.Tests\TrafficSimulation.UI.Tests.csproj", "{A62FB0B9-605E-42E7-97D6-D9548EAE4A81}"
EndProject
Project("{FAE04EC0-301F-11D3-BF4B-00C04F79EFBC}") = "TrafficSimulation.UI.Contracts", "TrafficSimulation.UI.Contracts\TrafficSimulation.UI.Contracts.csproj", "{74B90C10-CFAE-415A-904E-AB70B4150CC5}"
EndProject
Project("{2150E333-8FDC-42A3-9474-1A3956D46DE8}") = "Files", "Files", "{D767C276-4B44-414D-B504-C73EB88A8CBA}"
	ProjectSection(SolutionItems) = preProject
		NLog.config = NLog.config
		NLog.xsd = NLog.xsd
		Strings.resx = Strings.resx
		VersionInfo.cs = VersionInfo.cs
	EndProjectSection
EndProject
Project("{FAE04EC0-301F-11D3-BF4B-00C04F79EFBC}") = "TrafficSimulation.Simulation.Applications", "TrafficSimulation.Simulation.Applications\TrafficSimulation.Simulation.Applications.csproj", "{CDC4E86C-AC63-4B4D-818D-D961F72D159B}"
	ProjectSection(ProjectDependencies) = postProject
		{4B9BA40E-E33B-4AF9-BD91-A2D1D50360C8} = {4B9BA40E-E33B-4AF9-BD91-A2D1D50360C8}
		{D6358289-C108-4240-9322-A177F78C2F08} = {D6358289-C108-4240-9322-A177F78C2F08}
	EndProjectSection
EndProject
Project("{2150E333-8FDC-42A3-9474-1A3956D46DE8}") = "Common", "Common", "{8F04E273-6D2D-4A38-8576-3A5F584D667D}"
EndProject
Project("{FAE04EC0-301F-11D3-BF4B-00C04F79EFBC}") = "TrafficSimulation.Common", "TrafficSimulation.Common\TrafficSimulation.Common.csproj", "{885DCB21-8AEF-4028-8285-677330B43F0E}"
EndProject
Project("{FAE04EC0-301F-11D3-BF4B-00C04F79EFBC}") = "TrafficSimulation.Simulation.WebService", "TrafficSimulation.Simulation.WebService\TrafficSimulation.Simulation.WebService.csproj", "{4B9BA40E-E33B-4AF9-BD91-A2D1D50360C8}"
EndProject
Project("{FAE04EC0-301F-11D3-BF4B-00C04F79EFBC}") = "TrafficSimulation.TrafficLightControl.WebService", "TrafficSimulation.TrafficLightControl.WebService\TrafficSimulation.TrafficLightControl.WebService.csproj", "{D6358289-C108-4240-9322-A177F78C2F08}"
EndProject
Project("{7CF6DF6D-3B04-46F8-A40B-537D21BCA0B4}") = "Doku", "Doku\Doku.shfbproj", "{4FA0B563-8C3A-425F-B8E2-1098A821FCD0}"
EndProject
Global
	GlobalSection(SolutionConfigurationPlatforms) = preSolution
		Debug|Any CPU = Debug|Any CPU
		Release|Any CPU = Release|Any CPU
	EndGlobalSection
	GlobalSection(ProjectConfigurationPlatforms) = postSolution
		{03ABA0BA-0186-49CE-A8DF-A6F0AF92620F}.Debug|Any CPU.ActiveCfg = Debug|Any CPU
		{03ABA0BA-0186-49CE-A8DF-A6F0AF92620F}.Debug|Any CPU.Build.0 = Debug|Any CPU
		{03ABA0BA-0186-49CE-A8DF-A6F0AF92620F}.Release|Any CPU.ActiveCfg = Release|Any CPU
		{03ABA0BA-0186-49CE-A8DF-A6F0AF92620F}.Release|Any CPU.Build.0 = Release|Any CPU
		{4B41D580-C0CD-43A5-B28B-3714A3A1CDB2}.Debug|Any CPU.ActiveCfg = Debug|Any CPU
		{4B41D580-C0CD-43A5-B28B-3714A3A1CDB2}.Debug|Any CPU.Build.0 = Debug|Any CPU
		{4B41D580-C0CD-43A5-B28B-3714A3A1CDB2}.Release|Any CPU.ActiveCfg = Release|Any CPU
		{4B41D580-C0CD-43A5-B28B-3714A3A1CDB2}.Release|Any CPU.Build.0 = Release|Any CPU
		{88E59466-3513-4B4C-AE31-10AFFB97E133}.Debug|Any CPU.ActiveCfg = Debug|Any CPU
		{88E59466-3513-4B4C-AE31-10AFFB97E133}.Debug|Any CPU.Build.0 = Debug|Any CPU
		{88E59466-3513-4B4C-AE31-10AFFB97E133}.Release|Any CPU.ActiveCfg = Release|Any CPU
		{88E59466-3513-4B4C-AE31-10AFFB97E133}.Release|Any CPU.Build.0 = Release|Any CPU
		{C0433425-1AE4-4A2E-9F9C-15C6C2E04F65}.Debug|Any CPU.ActiveCfg = Debug|Any CPU
		{C0433425-1AE4-4A2E-9F9C-15C6C2E04F65}.Debug|Any CPU.Build.0 = Debug|Any CPU
		{C0433425-1AE4-4A2E-9F9C-15C6C2E04F65}.Release|Any CPU.ActiveCfg = Release|Any CPU
		{C0433425-1AE4-4A2E-9F9C-15C6C2E04F65}.Release|Any CPU.Build.0 = Release|Any CPU
		{E7607371-EC75-4CE3-9B40-8A386C4E13F9}.Debug|Any CPU.ActiveCfg = Debug|Any CPU
		{E7607371-EC75-4CE3-9B40-8A386C4E13F9}.Debug|Any CPU.Build.0 = Debug|Any CPU
		{E7607371-EC75-4CE3-9B40-8A386C4E13F9}.Release|Any CPU.ActiveCfg = Release|Any CPU
		{E7607371-EC75-4CE3-9B40-8A386C4E13F9}.Release|Any CPU.Build.0 = Release|Any CPU
		{1DBB2418-AC29-46F8-ABA9-1EEA75936B64}.Debug|Any CPU.ActiveCfg = Debug|Any CPU
		{1DBB2418-AC29-46F8-ABA9-1EEA75936B64}.Debug|Any CPU.Build.0 = Debug|Any CPU
		{1DBB2418-AC29-46F8-ABA9-1EEA75936B64}.Release|Any CPU.ActiveCfg = Release|Any CPU
		{1DBB2418-AC29-46F8-ABA9-1EEA75936B64}.Release|Any CPU.Build.0 = Release|Any CPU
		{8FBB2F71-9F4B-4815-82F3-2830BED7947B}.Debug|Any CPU.ActiveCfg = Debug|Any CPU
		{8FBB2F71-9F4B-4815-82F3-2830BED7947B}.Debug|Any CPU.Build.0 = Debug|Any CPU
		{8FBB2F71-9F4B-4815-82F3-2830BED7947B}.Release|Any CPU.ActiveCfg = Release|Any CPU
		{8FBB2F71-9F4B-4815-82F3-2830BED7947B}.Release|Any CPU.Build.0 = Release|Any CPU
		{1EFA5E15-A770-49AA-85B3-3E158C6629D2}.Debug|Any CPU.ActiveCfg = Debug|Any CPU
		{1EFA5E15-A770-49AA-85B3-3E158C6629D2}.Debug|Any CPU.Build.0 = Debug|Any CPU
		{1EFA5E15-A770-49AA-85B3-3E158C6629D2}.Release|Any CPU.ActiveCfg = Release|Any CPU
		{1EFA5E15-A770-49AA-85B3-3E158C6629D2}.Release|Any CPU.Build.0 = Release|Any CPU
		{A62FB0B9-605E-42E7-97D6-D9548EAE4A81}.Debug|Any CPU.ActiveCfg = Debug|Any CPU
		{A62FB0B9-605E-42E7-97D6-D9548EAE4A81}.Debug|Any CPU.Build.0 = Debug|Any CPU
		{A62FB0B9-605E-42E7-97D6-D9548EAE4A81}.Release|Any CPU.ActiveCfg = Release|Any CPU
		{A62FB0B9-605E-42E7-97D6-D9548EAE4A81}.Release|Any CPU.Build.0 = Release|Any CPU
		{74B90C10-CFAE-415A-904E-AB70B4150CC5}.Debug|Any CPU.ActiveCfg = Debug|Any CPU
		{74B90C10-CFAE-415A-904E-AB70B4150CC5}.Debug|Any CPU.Build.0 = Debug|Any CPU
		{74B90C10-CFAE-415A-904E-AB70B4150CC5}.Release|Any CPU.ActiveCfg = Release|Any CPU
		{74B90C10-CFAE-415A-904E-AB70B4150CC5}.Release|Any CPU.Build.0 = Release|Any CPU
		{CDC4E86C-AC63-4B4D-818D-D961F72D159B}.Debug|Any CPU.ActiveCfg = Debug|Any CPU
		{CDC4E86C-AC63-4B4D-818D-D961F72D159B}.Debug|Any CPU.Build.0 = Debug|Any CPU
		{CDC4E86C-AC63-4B4D-818D-D961F72D159B}.Release|Any CPU.ActiveCfg = Release|Any CPU
		{CDC4E86C-AC63-4B4D-818D-D961F72D159B}.Release|Any CPU.Build.0 = Release|Any CPU
		{885DCB21-8AEF-4028-8285-677330B43F0E}.Debug|Any CPU.ActiveCfg = Debug|Any CPU
		{885DCB21-8AEF-4028-8285-677330B43F0E}.Debug|Any CPU.Build.0 = Debug|Any CPU
		{885DCB21-8AEF-4028-8285-677330B43F0E}.Release|Any CPU.ActiveCfg = Release|Any CPU
		{885DCB21-8AEF-4028-8285-677330B43F0E}.Release|Any CPU.Build.0 = Release|Any CPU
		{4B9BA40E-E33B-4AF9-BD91-A2D1D50360C8}.Debug|Any CPU.ActiveCfg = Debug|Any CPU
		{4B9BA40E-E33B-4AF9-BD91-A2D1D50360C8}.Debug|Any CPU.Build.0 = Debug|Any CPU
		{4B9BA40E-E33B-4AF9-BD91-A2D1D50360C8}.Release|Any CPU.ActiveCfg = Release|Any CPU
		{4B9BA40E-E33B-4AF9-BD91-A2D1D50360C8}.Release|Any CPU.Build.0 = Release|Any CPU
		{D6358289-C108-4240-9322-A177F78C2F08}.Debug|Any CPU.ActiveCfg = Debug|Any CPU
		{D6358289-C108-4240-9322-A177F78C2F08}.Debug|Any CPU.Build.0 = Debug|Any CPU
		{D6358289-C108-4240-9322-A177F78C2F08}.Release|Any CPU.ActiveCfg = Release|Any CPU
		{D6358289-C108-4240-9322-A177F78C2F08}.Release|Any CPU.Build.0 = Release|Any CPU
		{4FA0B563-8C3A-425F-B8E2-1098A821FCD0}.Debug|Any CPU.ActiveCfg = Debug|Any CPU
		{4FA0B563-8C3A-425F-B8E2-1098A821FCD0}.Debug|Any CPU.Build.0 = Debug|Any CPU
		{4FA0B563-8C3A-425F-B8E2-1098A821FCD0}.Release|Any CPU.ActiveCfg = Release|Any CPU
		{4FA0B563-8C3A-425F-B8E2-1098A821FCD0}.Release|Any CPU.Build.0 = Release|Any CPU
	EndGlobalSection
	GlobalSection(SolutionProperties) = preSolution
		HideSolutionNode = FALSE
	EndGlobalSection
	GlobalSection(NestedProjects) = preSolution
		{03ABA0BA-0186-49CE-A8DF-A6F0AF92620F} = {0EBCC682-1CB2-4413-BD6A-699FFDAA155B}
		{4B41D580-C0CD-43A5-B28B-3714A3A1CDB2} = {0EBCC682-1CB2-4413-BD6A-699FFDAA155B}
		{88E59466-3513-4B4C-AE31-10AFFB97E133} = {3919A5F4-CED7-4B3A-A6EF-069557D216A1}
		{C0433425-1AE4-4A2E-9F9C-15C6C2E04F65} = {3919A5F4-CED7-4B3A-A6EF-069557D216A1}
		{E7607371-EC75-4CE3-9B40-8A386C4E13F9} = {0EBCC682-1CB2-4413-BD6A-699FFDAA155B}
		{1DBB2418-AC29-46F8-ABA9-1EEA75936B64} = {3919A5F4-CED7-4B3A-A6EF-069557D216A1}
		{8FBB2F71-9F4B-4815-82F3-2830BED7947B} = {3919A5F4-CED7-4B3A-A6EF-069557D216A1}
		{1EFA5E15-A770-49AA-85B3-3E158C6629D2} = {DAD2C740-1943-449F-889D-16F5E4076FDB}
		{A62FB0B9-605E-42E7-97D6-D9548EAE4A81} = {DAD2C740-1943-449F-889D-16F5E4076FDB}
		{74B90C10-CFAE-415A-904E-AB70B4150CC5} = {DAD2C740-1943-449F-889D-16F5E4076FDB}
		{CDC4E86C-AC63-4B4D-818D-D961F72D159B} = {0EBCC682-1CB2-4413-BD6A-699FFDAA155B}
		{885DCB21-8AEF-4028-8285-677330B43F0E} = {8F04E273-6D2D-4A38-8576-3A5F584D667D}
		{4B9BA40E-E33B-4AF9-BD91-A2D1D50360C8} = {0EBCC682-1CB2-4413-BD6A-699FFDAA155B}
		{D6358289-C108-4240-9322-A177F78C2F08} = {3919A5F4-CED7-4B3A-A6EF-069557D216A1}
	EndGlobalSection
EndGlobal
