
Microsoft Visual Studio Solution File, Format Version 12.00
# Visual Studio 15
VisualStudioVersion = 15.0.26228.4
MinimumVisualStudioVersion = 10.0.40219.1
Project("{FAE04EC0-301F-11D3-BF4B-00C04F79EFBC}") = "TrafficSimulation.Simulation.Settings", "TrafficSimulation.Simulation.Settings\TrafficSimulation.Simulation.Settings.csproj", "{B03DE89F-F46D-4A57-8F42-2967B137C797}"
EndProject
Project("{FAE04EC0-301F-11D3-BF4B-00C04F79EFBC}") = "TrafficSimulation.Simulation.SimulationObjects", "TrafficSimulation.Simulation.SimulationObjects\TrafficSimulation.Simulation.SimulationObjects.csproj", "{E33A01A4-94B2-457D-9D5F-49B9E65C14D8}"
EndProject
Project("{FAE04EC0-301F-11D3-BF4B-00C04F79EFBC}") = "TrafficSimulation.Simulation.Environment", "TrafficSimulation.Simulation.Environment\TrafficSimulation.Simulation.Environment.csproj", "{CFC1D40E-3DAB-4351-B434-B1EF5FB4CA3A}"
EndProject
Project("{2150E333-8FDC-42A3-9474-1A3956D46DE8}") = "Simulation", "Simulation", "{0EBCC682-1CB2-4413-BD6A-699FFDAA155B}"
EndProject
Project("{FAE04EC0-301F-11D3-BF4B-00C04F79EFBC}") = "TrafficSimulation.Simulation.Contracts", "TrafficSimulation.Simulation.Contracts\TrafficSimulation.Simulation.Contracts.csproj", "{03ABA0BA-0186-49CE-A8DF-A6F0AF92620F}"
EndProject
Project("{FAE04EC0-301F-11D3-BF4B-00C04F79EFBC}") = "TrafficSimulation.Simulation.Engine", "TrafficSimulation.Simulation.Engine\TrafficSimulation.Simulation.Engine.csproj", "{4B41D580-C0CD-43A5-B28B-3714A3A1CDB2}"
EndProject
Project("{2150E333-8FDC-42A3-9474-1A3956D46DE8}") = "TrafficLightControl", "TrafficLightControl", "{3919A5F4-CED7-4B3A-A6EF-069557D216A1}"
EndProject
Project("{FAE04EC0-301F-11D3-BF4B-00C04F79EFBC}") = "TrafficSimulation.TrafficLightControl.UI", "TrafficSimulation.TrafficLightControl.UI\TrafficSimulation.TrafficLightControl.UI.csproj", "{88E59466-3513-4B4C-AE31-10AFFB97E133}"
EndProject
Project("{FAE04EC0-301F-11D3-BF4B-00C04F79EFBC}") = "TrafficSimulation.TrafficLightControl.Engine", "TrafficSimulation.TrafficLightControl.Engine\TrafficSimulation.TrafficLightControl.Engine.csproj", "{C0433425-1AE4-4A2E-9F9C-15C6C2E04F65}"
EndProject
Project("{FAE04EC0-301F-11D3-BF4B-00C04F79EFBC}") = "TrafficSimulation.Simulation.Tests", "TrafficSimulation.Simulation.Tests\TrafficSimulation.Simulation.Tests.csproj", "{E7607371-EC75-4CE3-9B40-8A386C4E13F9}"
EndProject
Project("{FAE04EC0-301F-11D3-BF4B-00C04F79EFBC}") = "TrafficSimulation.TrafficLightControl.Contracts", "TrafficSimulation.TrafficLightControl.Contracts\TrafficSimulation.TrafficLightControl.Contracts.csproj", "{1DBB2418-AC29-46F8-ABA9-1EEA75936B64}"
EndProject
Project("{FAE04EC0-301F-11D3-BF4B-00C04F79EFBC}") = "TrafficSimulation.TrafficLightControl.Tests", "TrafficSimulation.TrafficLightControl.Tests\TrafficSimulation.TrafficLightControl.Tests.csproj", "{8FBB2F71-9F4B-4815-82F3-2830BED7947B}"
EndProject
Project("{2150E333-8FDC-42A3-9474-1A3956D46DE8}") = "UI", "UI", "{DAD2C740-1943-449F-889D-16F5E4076FDB}"
EndProject
Project("{FAE04EC0-301F-11D3-BF4B-00C04F79EFBC}") = "TrafficSimulation.UI.Application", "TrafficSimulation.UI.Application\TrafficSimulation.UI.Application.csproj", "{1EFA5E15-A770-49AA-85B3-3E158C6629D2}"
EndProject
Project("{2150E333-8FDC-42A3-9474-1A3956D46DE8}") = "Logging", "Logging", "{55EE958D-F419-4EF4-B2F4-C9702F79A61C}"
EndProject
Project("{FAE04EC0-301F-11D3-BF4B-00C04F79EFBC}") = "TrafficSimulation.UI.ViewModel", "TrafficSimulation.UI.ViewModel\TrafficSimulation.UI.ViewModel.csproj", "{E4F0CDF4-4265-4BD3-B15C-9A1D69ECCEF4}"
EndProject
Project("{FAE04EC0-301F-11D3-BF4B-00C04F79EFBC}") = "TrafficSimulation.UI.Tests", "TrafficSimulation.UI.Tests\TrafficSimulation.UI.Tests.csproj", "{A62FB0B9-605E-42E7-97D6-D9548EAE4A81}"
EndProject
Project("{FAE04EC0-301F-11D3-BF4B-00C04F79EFBC}") = "TrafficSimulation.UI.Contracts", "TrafficSimulation.UI.Contracts\TrafficSimulation.UI.Contracts.csproj", "{74B90C10-CFAE-415A-904E-AB70B4150CC5}"
EndProject
Project("{FAE04EC0-301F-11D3-BF4B-00C04F79EFBC}") = "TrafficSimulation.Logging.LogViewer", "TrafficSimulation.Logging.LogViewer\TrafficSimulation.Logging.LogViewer.csproj", "{1CAE09AA-24EA-43EF-BBBA-0F58E1EA4953}"
EndProject
Project("{FAE04EC0-301F-11D3-BF4B-00C04F79EFBC}") = "TrafficSimulation.Logging.LogServer", "TrafficSimulation.Logging.LogServer\TrafficSimulation.Logging.LogServer.csproj", "{CD08AA7B-BF62-4C58-AE58-FA26DDB71312}"
EndProject
Project("{FAE04EC0-301F-11D3-BF4B-00C04F79EFBC}") = "TrafficSimulation.Logging.Contracts", "TrafficSimulation.Logging.Contracts\TrafficSimulation.Logging.Contracts.csproj", "{B4D31918-3C37-4572-9B61-57AC5A699D36}"
EndProject
Project("{FAE04EC0-301F-11D3-BF4B-00C04F79EFBC}") = "TrafficSimulation.Logging.Tests", "TrafficSimulation.Logging.Tests\TrafficSimulation.Logging.Tests.csproj", "{51CF0B41-6091-4EA5-A5C2-E1F7D4593154}"
EndProject
Global
	GlobalSection(SolutionConfigurationPlatforms) = preSolution
		Debug|Any CPU = Debug|Any CPU
		Release|Any CPU = Release|Any CPU
	EndGlobalSection
	GlobalSection(ProjectConfigurationPlatforms) = postSolution
		{B03DE89F-F46D-4A57-8F42-2967B137C797}.Debug|Any CPU.ActiveCfg = Debug|Any CPU
		{B03DE89F-F46D-4A57-8F42-2967B137C797}.Debug|Any CPU.Build.0 = Debug|Any CPU
		{B03DE89F-F46D-4A57-8F42-2967B137C797}.Release|Any CPU.ActiveCfg = Release|Any CPU
		{B03DE89F-F46D-4A57-8F42-2967B137C797}.Release|Any CPU.Build.0 = Release|Any CPU
		{E33A01A4-94B2-457D-9D5F-49B9E65C14D8}.Debug|Any CPU.ActiveCfg = Debug|Any CPU
		{E33A01A4-94B2-457D-9D5F-49B9E65C14D8}.Debug|Any CPU.Build.0 = Debug|Any CPU
		{E33A01A4-94B2-457D-9D5F-49B9E65C14D8}.Release|Any CPU.ActiveCfg = Release|Any CPU
		{E33A01A4-94B2-457D-9D5F-49B9E65C14D8}.Release|Any CPU.Build.0 = Release|Any CPU
		{CFC1D40E-3DAB-4351-B434-B1EF5FB4CA3A}.Debug|Any CPU.ActiveCfg = Debug|Any CPU
		{CFC1D40E-3DAB-4351-B434-B1EF5FB4CA3A}.Debug|Any CPU.Build.0 = Debug|Any CPU
		{CFC1D40E-3DAB-4351-B434-B1EF5FB4CA3A}.Release|Any CPU.ActiveCfg = Release|Any CPU
		{CFC1D40E-3DAB-4351-B434-B1EF5FB4CA3A}.Release|Any CPU.Build.0 = Release|Any CPU
		{03ABA0BA-0186-49CE-A8DF-A6F0AF92620F}.Debug|Any CPU.ActiveCfg = Debug|Any CPU
		{03ABA0BA-0186-49CE-A8DF-A6F0AF92620F}.Debug|Any CPU.Build.0 = Debug|Any CPU
		{03ABA0BA-0186-49CE-A8DF-A6F0AF92620F}.Release|Any CPU.ActiveCfg = Release|Any CPU
		{03ABA0BA-0186-49CE-A8DF-A6F0AF92620F}.Release|Any CPU.Build.0 = Release|Any CPU
		{4B41D580-C0CD-43A5-B28B-3714A3A1CDB2}.Debug|Any CPU.ActiveCfg = Debug|Any CPU
		{4B41D580-C0CD-43A5-B28B-3714A3A1CDB2}.Debug|Any CPU.Build.0 = Debug|Any CPU
		{4B41D580-C0CD-43A5-B28B-3714A3A1CDB2}.Release|Any CPU.ActiveCfg = Release|Any CPU
		{4B41D580-C0CD-43A5-B28B-3714A3A1CDB2}.Release|Any CPU.Build.0 = Release|Any CPU
		{88E59466-3513-4B4C-AE31-10AFFB97E133}.Debug|Any CPU.ActiveCfg = Debug|Any CPU
		{88E59466-3513-4B4C-AE31-10AFFB97E133}.Debug|Any CPU.Build.0 = Debug|Any CPU
		{88E59466-3513-4B4C-AE31-10AFFB97E133}.Release|Any CPU.ActiveCfg = Release|Any CPU
		{88E59466-3513-4B4C-AE31-10AFFB97E133}.Release|Any CPU.Build.0 = Release|Any CPU
		{C0433425-1AE4-4A2E-9F9C-15C6C2E04F65}.Debug|Any CPU.ActiveCfg = Debug|Any CPU
		{C0433425-1AE4-4A2E-9F9C-15C6C2E04F65}.Debug|Any CPU.Build.0 = Debug|Any CPU
		{C0433425-1AE4-4A2E-9F9C-15C6C2E04F65}.Release|Any CPU.ActiveCfg = Release|Any CPU
		{C0433425-1AE4-4A2E-9F9C-15C6C2E04F65}.Release|Any CPU.Build.0 = Release|Any CPU
		{E7607371-EC75-4CE3-9B40-8A386C4E13F9}.Debug|Any CPU.ActiveCfg = Debug|Any CPU
		{E7607371-EC75-4CE3-9B40-8A386C4E13F9}.Debug|Any CPU.Build.0 = Debug|Any CPU
		{E7607371-EC75-4CE3-9B40-8A386C4E13F9}.Release|Any CPU.ActiveCfg = Release|Any CPU
		{E7607371-EC75-4CE3-9B40-8A386C4E13F9}.Release|Any CPU.Build.0 = Release|Any CPU
		{1DBB2418-AC29-46F8-ABA9-1EEA75936B64}.Debug|Any CPU.ActiveCfg = Debug|Any CPU
		{1DBB2418-AC29-46F8-ABA9-1EEA75936B64}.Debug|Any CPU.Build.0 = Debug|Any CPU
		{1DBB2418-AC29-46F8-ABA9-1EEA75936B64}.Release|Any CPU.ActiveCfg = Release|Any CPU
		{1DBB2418-AC29-46F8-ABA9-1EEA75936B64}.Release|Any CPU.Build.0 = Release|Any CPU
		{8FBB2F71-9F4B-4815-82F3-2830BED7947B}.Debug|Any CPU.ActiveCfg = Debug|Any CPU
		{8FBB2F71-9F4B-4815-82F3-2830BED7947B}.Debug|Any CPU.Build.0 = Debug|Any CPU
		{8FBB2F71-9F4B-4815-82F3-2830BED7947B}.Release|Any CPU.ActiveCfg = Release|Any CPU
		{8FBB2F71-9F4B-4815-82F3-2830BED7947B}.Release|Any CPU.Build.0 = Release|Any CPU
		{1EFA5E15-A770-49AA-85B3-3E158C6629D2}.Debug|Any CPU.ActiveCfg = Debug|Any CPU
		{1EFA5E15-A770-49AA-85B3-3E158C6629D2}.Debug|Any CPU.Build.0 = Debug|Any CPU
		{1EFA5E15-A770-49AA-85B3-3E158C6629D2}.Release|Any CPU.ActiveCfg = Release|Any CPU
		{1EFA5E15-A770-49AA-85B3-3E158C6629D2}.Release|Any CPU.Build.0 = Release|Any CPU
		{E4F0CDF4-4265-4BD3-B15C-9A1D69ECCEF4}.Debug|Any CPU.ActiveCfg = Debug|Any CPU
		{E4F0CDF4-4265-4BD3-B15C-9A1D69ECCEF4}.Debug|Any CPU.Build.0 = Debug|Any CPU
		{E4F0CDF4-4265-4BD3-B15C-9A1D69ECCEF4}.Release|Any CPU.ActiveCfg = Release|Any CPU
		{E4F0CDF4-4265-4BD3-B15C-9A1D69ECCEF4}.Release|Any CPU.Build.0 = Release|Any CPU
		{A62FB0B9-605E-42E7-97D6-D9548EAE4A81}.Debug|Any CPU.ActiveCfg = Debug|Any CPU
		{A62FB0B9-605E-42E7-97D6-D9548EAE4A81}.Debug|Any CPU.Build.0 = Debug|Any CPU
		{A62FB0B9-605E-42E7-97D6-D9548EAE4A81}.Release|Any CPU.ActiveCfg = Release|Any CPU
		{A62FB0B9-605E-42E7-97D6-D9548EAE4A81}.Release|Any CPU.Build.0 = Release|Any CPU
		{74B90C10-CFAE-415A-904E-AB70B4150CC5}.Debug|Any CPU.ActiveCfg = Debug|Any CPU
		{74B90C10-CFAE-415A-904E-AB70B4150CC5}.Debug|Any CPU.Build.0 = Debug|Any CPU
		{74B90C10-CFAE-415A-904E-AB70B4150CC5}.Release|Any CPU.ActiveCfg = Release|Any CPU
		{74B90C10-CFAE-415A-904E-AB70B4150CC5}.Release|Any CPU.Build.0 = Release|Any CPU
		{1CAE09AA-24EA-43EF-BBBA-0F58E1EA4953}.Debug|Any CPU.ActiveCfg = Debug|Any CPU
		{1CAE09AA-24EA-43EF-BBBA-0F58E1EA4953}.Debug|Any CPU.Build.0 = Debug|Any CPU
		{1CAE09AA-24EA-43EF-BBBA-0F58E1EA4953}.Release|Any CPU.ActiveCfg = Release|Any CPU
		{1CAE09AA-24EA-43EF-BBBA-0F58E1EA4953}.Release|Any CPU.Build.0 = Release|Any CPU
		{CD08AA7B-BF62-4C58-AE58-FA26DDB71312}.Debug|Any CPU.ActiveCfg = Debug|Any CPU
		{CD08AA7B-BF62-4C58-AE58-FA26DDB71312}.Debug|Any CPU.Build.0 = Debug|Any CPU
		{CD08AA7B-BF62-4C58-AE58-FA26DDB71312}.Release|Any CPU.ActiveCfg = Release|Any CPU
		{CD08AA7B-BF62-4C58-AE58-FA26DDB71312}.Release|Any CPU.Build.0 = Release|Any CPU
		{B4D31918-3C37-4572-9B61-57AC5A699D36}.Debug|Any CPU.ActiveCfg = Debug|Any CPU
		{B4D31918-3C37-4572-9B61-57AC5A699D36}.Debug|Any CPU.Build.0 = Debug|Any CPU
		{B4D31918-3C37-4572-9B61-57AC5A699D36}.Release|Any CPU.ActiveCfg = Release|Any CPU
		{B4D31918-3C37-4572-9B61-57AC5A699D36}.Release|Any CPU.Build.0 = Release|Any CPU
		{51CF0B41-6091-4EA5-A5C2-E1F7D4593154}.Debug|Any CPU.ActiveCfg = Debug|Any CPU
		{51CF0B41-6091-4EA5-A5C2-E1F7D4593154}.Debug|Any CPU.Build.0 = Debug|Any CPU
		{51CF0B41-6091-4EA5-A5C2-E1F7D4593154}.Release|Any CPU.ActiveCfg = Release|Any CPU
		{51CF0B41-6091-4EA5-A5C2-E1F7D4593154}.Release|Any CPU.Build.0 = Release|Any CPU
	EndGlobalSection
	GlobalSection(SolutionProperties) = preSolution
		HideSolutionNode = FALSE
	EndGlobalSection
	GlobalSection(NestedProjects) = preSolution
		{B03DE89F-F46D-4A57-8F42-2967B137C797} = {0EBCC682-1CB2-4413-BD6A-699FFDAA155B}
		{E33A01A4-94B2-457D-9D5F-49B9E65C14D8} = {0EBCC682-1CB2-4413-BD6A-699FFDAA155B}
		{CFC1D40E-3DAB-4351-B434-B1EF5FB4CA3A} = {0EBCC682-1CB2-4413-BD6A-699FFDAA155B}
		{03ABA0BA-0186-49CE-A8DF-A6F0AF92620F} = {0EBCC682-1CB2-4413-BD6A-699FFDAA155B}
		{4B41D580-C0CD-43A5-B28B-3714A3A1CDB2} = {0EBCC682-1CB2-4413-BD6A-699FFDAA155B}
		{88E59466-3513-4B4C-AE31-10AFFB97E133} = {3919A5F4-CED7-4B3A-A6EF-069557D216A1}
		{C0433425-1AE4-4A2E-9F9C-15C6C2E04F65} = {3919A5F4-CED7-4B3A-A6EF-069557D216A1}
		{E7607371-EC75-4CE3-9B40-8A386C4E13F9} = {0EBCC682-1CB2-4413-BD6A-699FFDAA155B}
		{1DBB2418-AC29-46F8-ABA9-1EEA75936B64} = {3919A5F4-CED7-4B3A-A6EF-069557D216A1}
		{8FBB2F71-9F4B-4815-82F3-2830BED7947B} = {3919A5F4-CED7-4B3A-A6EF-069557D216A1}
		{1EFA5E15-A770-49AA-85B3-3E158C6629D2} = {DAD2C740-1943-449F-889D-16F5E4076FDB}
		{E4F0CDF4-4265-4BD3-B15C-9A1D69ECCEF4} = {DAD2C740-1943-449F-889D-16F5E4076FDB}
		{A62FB0B9-605E-42E7-97D6-D9548EAE4A81} = {DAD2C740-1943-449F-889D-16F5E4076FDB}
		{74B90C10-CFAE-415A-904E-AB70B4150CC5} = {DAD2C740-1943-449F-889D-16F5E4076FDB}
		{1CAE09AA-24EA-43EF-BBBA-0F58E1EA4953} = {55EE958D-F419-4EF4-B2F4-C9702F79A61C}
		{CD08AA7B-BF62-4C58-AE58-FA26DDB71312} = {55EE958D-F419-4EF4-B2F4-C9702F79A61C}
		{B4D31918-3C37-4572-9B61-57AC5A699D36} = {55EE958D-F419-4EF4-B2F4-C9702F79A61C}
		{51CF0B41-6091-4EA5-A5C2-E1F7D4593154} = {55EE958D-F419-4EF4-B2F4-C9702F79A61C}
	EndGlobalSection
EndGlobal
